
Microsoft Visual Studio Solution File, Format Version 12.00
# Visual Studio Version 16
VisualStudioVersion = 25.0.1706.13
MinimumVisualStudioVersion = 10.0.40219.1
Project("{FAE04EC0-301F-11D3-BF4B-00C04F79EFBC}") = "Code", "Code\Code.csproj", "{AB9BBD5F-D8D4-4BA6-98AE-A539F941531C}"
EndProject
Global
	GlobalSection(SolutionConfigurationPlatforms) = preSolution
		Debug|Any CPU = Debug|Any CPU
		Release|Any CPU = Release|Any CPU
	EndGlobalSection
	GlobalSection(ProjectConfigurationPlatforms) = postSolution
		{AB9BBD5F-D8D4-4BA6-98AE-A539F941531C}.Debug|Any CPU.ActiveCfg = Debug|Any CPU
		{AB9BBD5F-D8D4-4BA6-98AE-A539F941531C}.Debug|Any CPU.Build.0 = Debug|Any CPU
		{AB9BBD5F-D8D4-4BA6-98AE-A539F941531C}.Release|Any CPU.ActiveCfg = Release|Any CPU
		{AB9BBD5F-D8D4-4BA6-98AE-A539F941531C}.Release|Any CPU.Build.0 = Release|Any CPU
	EndGlobalSection
	GlobalSection(SolutionProperties) = preSolution
		HideSolutionNode = FALSE
	EndGlobalSection
	GlobalSection(ExtensibilityGlobals) = postSolution
		SolutionGuid = {0F966EF7-9A51-4DC0-87A7-FE494AF9F2B9}
	EndGlobalSection
EndGlobal
